// !$*UTF8*$!
{
	archiveVersion = 1;
	classes = {
	};
	objectVersion = 48;
	objects = {

/* Begin PBXBuildFile section */
		C75D8FC72101D1FB001271AC /* AppDelegate.swift in Sources */ = {isa = PBXBuildFile; fileRef = C75D8FC62101D1FB001271AC /* AppDelegate.swift */; };
		C75D8FCC2101D1FB001271AC /* Main.storyboard in Resources */ = {isa = PBXBuildFile; fileRef = C75D8FCA2101D1FB001271AC /* Main.storyboard */; };
		C75D8FCE2101D1FB001271AC /* Assets.xcassets in Resources */ = {isa = PBXBuildFile; fileRef = C75D8FCD2101D1FB001271AC /* Assets.xcassets */; };
		C75D8FD12101D1FB001271AC /* LaunchScreen.storyboard in Resources */ = {isa = PBXBuildFile; fileRef = C75D8FCF2101D1FB001271AC /* LaunchScreen.storyboard */; };
		C75D8FDC2101D1FB001271AC /* ResearchKitConsentTests.swift in Sources */ = {isa = PBXBuildFile; fileRef = C75D8FDB2101D1FB001271AC /* ResearchKitConsentTests.swift */; };
		C75D8FE72101D1FB001271AC /* ResearchKitConsentUITests.swift in Sources */ = {isa = PBXBuildFile; fileRef = C75D8FE62101D1FB001271AC /* ResearchKitConsentUITests.swift */; };
		C75D8FF72101F0DF001271AC /* IntroViewController.swift in Sources */ = {isa = PBXBuildFile; fileRef = C75D8FF62101F0DF001271AC /* IntroViewController.swift */; };
		C75D8FF92101F34A001271AC /* IntroSegue.swift in Sources */ = {isa = PBXBuildFile; fileRef = C75D8FF82101F34A001271AC /* IntroSegue.swift */; };
/* End PBXBuildFile section */

/* Begin PBXContainerItemProxy section */
		C75D8FD82101D1FB001271AC /* PBXContainerItemProxy */ = {
			isa = PBXContainerItemProxy;
			containerPortal = C75D8FBB2101D1FB001271AC /* Project object */;
			proxyType = 1;
			remoteGlobalIDString = C75D8FC22101D1FB001271AC;
			remoteInfo = ResearchKitConsent;
		};
		C75D8FE32101D1FB001271AC /* PBXContainerItemProxy */ = {
			isa = PBXContainerItemProxy;
			containerPortal = C75D8FBB2101D1FB001271AC /* Project object */;
			proxyType = 1;
			remoteGlobalIDString = C75D8FC22101D1FB001271AC;
			remoteInfo = ResearchKitConsent;
		};
/* End PBXContainerItemProxy section */

/* Begin PBXFileReference section */
		C75D8FC32101D1FB001271AC /* ResearchKitConsent.app */ = {isa = PBXFileReference; explicitFileType = wrapper.application; includeInIndex = 0; path = ResearchKitConsent.app; sourceTree = BUILT_PRODUCTS_DIR; };
		C75D8FC62101D1FB001271AC /* AppDelegate.swift */ = {isa = PBXFileReference; lastKnownFileType = sourcecode.swift; path = AppDelegate.swift; sourceTree = "<group>"; };
		C75D8FCB2101D1FB001271AC /* Base */ = {isa = PBXFileReference; lastKnownFileType = file.storyboard; name = Base; path = Base.lproj/Main.storyboard; sourceTree = "<group>"; };
		C75D8FCD2101D1FB001271AC /* Assets.xcassets */ = {isa = PBXFileReference; lastKnownFileType = folder.assetcatalog; path = Assets.xcassets; sourceTree = "<group>"; };
		C75D8FD02101D1FB001271AC /* Base */ = {isa = PBXFileReference; lastKnownFileType = file.storyboard; name = Base; path = Base.lproj/LaunchScreen.storyboard; sourceTree = "<group>"; };
		C75D8FD22101D1FB001271AC /* Info.plist */ = {isa = PBXFileReference; lastKnownFileType = text.plist.xml; path = Info.plist; sourceTree = "<group>"; };
		C75D8FD72101D1FB001271AC /* ResearchKitConsentTests.xctest */ = {isa = PBXFileReference; explicitFileType = wrapper.cfbundle; includeInIndex = 0; path = ResearchKitConsentTests.xctest; sourceTree = BUILT_PRODUCTS_DIR; };
		C75D8FDB2101D1FB001271AC /* ResearchKitConsentTests.swift */ = {isa = PBXFileReference; lastKnownFileType = sourcecode.swift; path = ResearchKitConsentTests.swift; sourceTree = "<group>"; };
		C75D8FDD2101D1FB001271AC /* Info.plist */ = {isa = PBXFileReference; lastKnownFileType = text.plist.xml; path = Info.plist; sourceTree = "<group>"; };
		C75D8FE22101D1FB001271AC /* ResearchKitConsentUITests.xctest */ = {isa = PBXFileReference; explicitFileType = wrapper.cfbundle; includeInIndex = 0; path = ResearchKitConsentUITests.xctest; sourceTree = BUILT_PRODUCTS_DIR; };
		C75D8FE62101D1FB001271AC /* ResearchKitConsentUITests.swift */ = {isa = PBXFileReference; lastKnownFileType = sourcecode.swift; path = ResearchKitConsentUITests.swift; sourceTree = "<group>"; };
		C75D8FE82101D1FB001271AC /* Info.plist */ = {isa = PBXFileReference; lastKnownFileType = text.plist.xml; path = Info.plist; sourceTree = "<group>"; };
		C75D8FF62101F0DF001271AC /* IntroViewController.swift */ = {isa = PBXFileReference; lastKnownFileType = sourcecode.swift; path = IntroViewController.swift; sourceTree = "<group>"; };
		C75D8FF82101F34A001271AC /* IntroSegue.swift */ = {isa = PBXFileReference; lastKnownFileType = sourcecode.swift; path = IntroSegue.swift; sourceTree = "<group>"; };
/* End PBXFileReference section */

/* Begin PBXFrameworksBuildPhase section */
		C75D8FC02101D1FB001271AC /* Frameworks */ = {
			isa = PBXFrameworksBuildPhase;
			buildActionMask = 2147483647;
			files = (
			);
			runOnlyForDeploymentPostprocessing = 0;
		};
		C75D8FD42101D1FB001271AC /* Frameworks */ = {
			isa = PBXFrameworksBuildPhase;
			buildActionMask = 2147483647;
			files = (
			);
			runOnlyForDeploymentPostprocessing = 0;
		};
		C75D8FDF2101D1FB001271AC /* Frameworks */ = {
			isa = PBXFrameworksBuildPhase;
			buildActionMask = 2147483647;
			files = (
			);
			runOnlyForDeploymentPostprocessing = 0;
		};
/* End PBXFrameworksBuildPhase section */

/* Begin PBXGroup section */
		C75D8FBA2101D1FB001271AC = {
			isa = PBXGroup;
			children = (
				C75D8FC52101D1FB001271AC /* ResearchKitConsent */,
				C75D8FDA2101D1FB001271AC /* ResearchKitConsentTests */,
				C75D8FE52101D1FB001271AC /* ResearchKitConsentUITests */,
				C75D8FC42101D1FB001271AC /* Products */,
			);
			sourceTree = "<group>";
		};
		C75D8FC42101D1FB001271AC /* Products */ = {
			isa = PBXGroup;
			children = (
				C75D8FC32101D1FB001271AC /* ResearchKitConsent.app */,
				C75D8FD72101D1FB001271AC /* ResearchKitConsentTests.xctest */,
				C75D8FE22101D1FB001271AC /* ResearchKitConsentUITests.xctest */,
			);
			name = Products;
			sourceTree = "<group>";
		};
		C75D8FC52101D1FB001271AC /* ResearchKitConsent */ = {
			isa = PBXGroup;
			children = (
				C75D8FF52101F0CA001271AC /* Intro */,
				C75D8FC62101D1FB001271AC /* AppDelegate.swift */,
				C75D8FCA2101D1FB001271AC /* Main.storyboard */,
				C75D8FCD2101D1FB001271AC /* Assets.xcassets */,
				C75D8FCF2101D1FB001271AC /* LaunchScreen.storyboard */,
				C75D8FD22101D1FB001271AC /* Info.plist */,
			);
			path = ResearchKitConsent;
			sourceTree = "<group>";
		};
		C75D8FDA2101D1FB001271AC /* ResearchKitConsentTests */ = {
			isa = PBXGroup;
			children = (
				C75D8FDB2101D1FB001271AC /* ResearchKitConsentTests.swift */,
				C75D8FDD2101D1FB001271AC /* Info.plist */,
			);
			path = ResearchKitConsentTests;
			sourceTree = "<group>";
		};
		C75D8FE52101D1FB001271AC /* ResearchKitConsentUITests */ = {
			isa = PBXGroup;
			children = (
				C75D8FE62101D1FB001271AC /* ResearchKitConsentUITests.swift */,
				C75D8FE82101D1FB001271AC /* Info.plist */,
			);
			path = ResearchKitConsentUITests;
			sourceTree = "<group>";
		};
		C75D8FF52101F0CA001271AC /* Intro */ = {
			isa = PBXGroup;
			children = (
				C75D8FF62101F0DF001271AC /* IntroViewController.swift */,
				C75D8FF82101F34A001271AC /* IntroSegue.swift */,
			);
			path = Intro;
			sourceTree = "<group>";
		};
/* End PBXGroup section */

/* Begin PBXNativeTarget section */
		C75D8FC22101D1FB001271AC /* ResearchKitConsent */ = {
			isa = PBXNativeTarget;
			buildConfigurationList = C75D8FEB2101D1FB001271AC /* Build configuration list for PBXNativeTarget "ResearchKitConsent" */;
			buildPhases = (
				C75D8FBF2101D1FB001271AC /* Sources */,
				C75D8FC02101D1FB001271AC /* Frameworks */,
				C75D8FC12101D1FB001271AC /* Resources */,
			);
			buildRules = (
			);
			dependencies = (
			);
			name = ResearchKitConsent;
			productName = ResearchKitConsent;
			productReference = C75D8FC32101D1FB001271AC /* ResearchKitConsent.app */;
			productType = "com.apple.product-type.application";
		};
		C75D8FD62101D1FB001271AC /* ResearchKitConsentTests */ = {
			isa = PBXNativeTarget;
			buildConfigurationList = C75D8FEE2101D1FB001271AC /* Build configuration list for PBXNativeTarget "ResearchKitConsentTests" */;
			buildPhases = (
				C75D8FD32101D1FB001271AC /* Sources */,
				C75D8FD42101D1FB001271AC /* Frameworks */,
				C75D8FD52101D1FB001271AC /* Resources */,
			);
			buildRules = (
			);
			dependencies = (
				C75D8FD92101D1FB001271AC /* PBXTargetDependency */,
			);
			name = ResearchKitConsentTests;
			productName = ResearchKitConsentTests;
			productReference = C75D8FD72101D1FB001271AC /* ResearchKitConsentTests.xctest */;
			productType = "com.apple.product-type.bundle.unit-test";
		};
		C75D8FE12101D1FB001271AC /* ResearchKitConsentUITests */ = {
			isa = PBXNativeTarget;
			buildConfigurationList = C75D8FF12101D1FB001271AC /* Build configuration list for PBXNativeTarget "ResearchKitConsentUITests" */;
			buildPhases = (
				C75D8FDE2101D1FB001271AC /* Sources */,
				C75D8FDF2101D1FB001271AC /* Frameworks */,
				C75D8FE02101D1FB001271AC /* Resources */,
			);
			buildRules = (
			);
			dependencies = (
				C75D8FE42101D1FB001271AC /* PBXTargetDependency */,
			);
			name = ResearchKitConsentUITests;
			productName = ResearchKitConsentUITests;
			productReference = C75D8FE22101D1FB001271AC /* ResearchKitConsentUITests.xctest */;
			productType = "com.apple.product-type.bundle.ui-testing";
		};
/* End PBXNativeTarget section */

/* Begin PBXProject section */
		C75D8FBB2101D1FB001271AC /* Project object */ = {
			isa = PBXProject;
			attributes = {
				LastSwiftUpdateCheck = 0920;
				LastUpgradeCheck = 0920;
				ORGANIZATIONNAME = "Sifan Ye";
				TargetAttributes = {
					C75D8FC22101D1FB001271AC = {
						CreatedOnToolsVersion = 9.2;
						ProvisioningStyle = Automatic;
					};
					C75D8FD62101D1FB001271AC = {
						CreatedOnToolsVersion = 9.2;
						ProvisioningStyle = Automatic;
						TestTargetID = C75D8FC22101D1FB001271AC;
					};
					C75D8FE12101D1FB001271AC = {
						CreatedOnToolsVersion = 9.2;
						ProvisioningStyle = Automatic;
						TestTargetID = C75D8FC22101D1FB001271AC;
					};
				};
			};
			buildConfigurationList = C75D8FBE2101D1FB001271AC /* Build configuration list for PBXProject "ResearchKitConsent" */;
			compatibilityVersion = "Xcode 8.0";
			developmentRegion = en;
			hasScannedForEncodings = 0;
			knownRegions = (
				en,
				Base,
			);
			mainGroup = C75D8FBA2101D1FB001271AC;
			productRefGroup = C75D8FC42101D1FB001271AC /* Products */;
			projectDirPath = "";
			projectRoot = "";
			targets = (
				C75D8FC22101D1FB001271AC /* ResearchKitConsent */,
				C75D8FD62101D1FB001271AC /* ResearchKitConsentTests */,
				C75D8FE12101D1FB001271AC /* ResearchKitConsentUITests */,
			);
		};
/* End PBXProject section */

/* Begin PBXResourcesBuildPhase section */
		C75D8FC12101D1FB001271AC /* Resources */ = {
			isa = PBXResourcesBuildPhase;
			buildActionMask = 2147483647;
			files = (
				C75D8FD12101D1FB001271AC /* LaunchScreen.storyboard in Resources */,
				C75D8FCE2101D1FB001271AC /* Assets.xcassets in Resources */,
				C75D8FCC2101D1FB001271AC /* Main.storyboard in Resources */,
			);
			runOnlyForDeploymentPostprocessing = 0;
		};
		C75D8FD52101D1FB001271AC /* Resources */ = {
			isa = PBXResourcesBuildPhase;
			buildActionMask = 2147483647;
			files = (
			);
			runOnlyForDeploymentPostprocessing = 0;
		};
		C75D8FE02101D1FB001271AC /* Resources */ = {
			isa = PBXResourcesBuildPhase;
			buildActionMask = 2147483647;
			files = (
			);
			runOnlyForDeploymentPostprocessing = 0;
		};
/* End PBXResourcesBuildPhase section */

/* Begin PBXSourcesBuildPhase section */
		C75D8FBF2101D1FB001271AC /* Sources */ = {
			isa = PBXSourcesBuildPhase;
			buildActionMask = 2147483647;
			files = (
				C75D8FF72101F0DF001271AC /* IntroViewController.swift in Sources */,
				C75D8FF92101F34A001271AC /* IntroSegue.swift in Sources */,
				C75D8FC72101D1FB001271AC /* AppDelegate.swift in Sources */,
			);
			runOnlyForDeploymentPostprocessing = 0;
		};
		C75D8FD32101D1FB001271AC /* Sources */ = {
			isa = PBXSourcesBuildPhase;
			buildActionMask = 2147483647;
			files = (
				C75D8FDC2101D1FB001271AC /* ResearchKitConsentTests.swift in Sources */,
			);
			runOnlyForDeploymentPostprocessing = 0;
		};
		C75D8FDE2101D1FB001271AC /* Sources */ = {
			isa = PBXSourcesBuildPhase;
			buildActionMask = 2147483647;
			files = (
				C75D8FE72101D1FB001271AC /* ResearchKitConsentUITests.swift in Sources */,
			);
			runOnlyForDeploymentPostprocessing = 0;
		};
/* End PBXSourcesBuildPhase section */

/* Begin PBXTargetDependency section */
		C75D8FD92101D1FB001271AC /* PBXTargetDependency */ = {
			isa = PBXTargetDependency;
			target = C75D8FC22101D1FB001271AC /* ResearchKitConsent */;
			targetProxy = C75D8FD82101D1FB001271AC /* PBXContainerItemProxy */;
		};
		C75D8FE42101D1FB001271AC /* PBXTargetDependency */ = {
			isa = PBXTargetDependency;
			target = C75D8FC22101D1FB001271AC /* ResearchKitConsent */;
			targetProxy = C75D8FE32101D1FB001271AC /* PBXContainerItemProxy */;
		};
/* End PBXTargetDependency section */

/* Begin PBXVariantGroup section */
		C75D8FCA2101D1FB001271AC /* Main.storyboard */ = {
			isa = PBXVariantGroup;
			children = (
				C75D8FCB2101D1FB001271AC /* Base */,
			);
			name = Main.storyboard;
			sourceTree = "<group>";
		};
		C75D8FCF2101D1FB001271AC /* LaunchScreen.storyboard */ = {
			isa = PBXVariantGroup;
			children = (
				C75D8FD02101D1FB001271AC /* Base */,
			);
			name = LaunchScreen.storyboard;
			sourceTree = "<group>";
		};
/* End PBXVariantGroup section */

/* Begin XCBuildConfiguration section */
		C75D8FE92101D1FB001271AC /* Debug */ = {
			isa = XCBuildConfiguration;
			buildSettings = {
				ALWAYS_SEARCH_USER_PATHS = NO;
				CLANG_ANALYZER_NONNULL = YES;
				CLANG_ANALYZER_NUMBER_OBJECT_CONVERSION = YES_AGGRESSIVE;
				CLANG_CXX_LANGUAGE_STANDARD = "gnu++14";
				CLANG_CXX_LIBRARY = "libc++";
				CLANG_ENABLE_MODULES = YES;
				CLANG_ENABLE_OBJC_ARC = YES;
				CLANG_WARN_BLOCK_CAPTURE_AUTORELEASING = YES;
				CLANG_WARN_BOOL_CONVERSION = YES;
				CLANG_WARN_COMMA = YES;
				CLANG_WARN_CONSTANT_CONVERSION = YES;
				CLANG_WARN_DIRECT_OBJC_ISA_USAGE = YES_ERROR;
				CLANG_WARN_DOCUMENTATION_COMMENTS = YES;
				CLANG_WARN_EMPTY_BODY = YES;
				CLANG_WARN_ENUM_CONVERSION = YES;
				CLANG_WARN_INFINITE_RECURSION = YES;
				CLANG_WARN_INT_CONVERSION = YES;
				CLANG_WARN_NON_LITERAL_NULL_CONVERSION = YES;
				CLANG_WARN_OBJC_LITERAL_CONVERSION = YES;
				CLANG_WARN_OBJC_ROOT_CLASS = YES_ERROR;
				CLANG_WARN_RANGE_LOOP_ANALYSIS = YES;
				CLANG_WARN_STRICT_PROTOTYPES = YES;
				CLANG_WARN_SUSPICIOUS_MOVE = YES;
				CLANG_WARN_UNGUARDED_AVAILABILITY = YES_AGGRESSIVE;
				CLANG_WARN_UNREACHABLE_CODE = YES;
				CLANG_WARN__DUPLICATE_METHOD_MATCH = YES;
				CODE_SIGN_IDENTITY = "iPhone Developer";
				COPY_PHASE_STRIP = NO;
				DEBUG_INFORMATION_FORMAT = dwarf;
				ENABLE_STRICT_OBJC_MSGSEND = YES;
				ENABLE_TESTABILITY = YES;
				GCC_C_LANGUAGE_STANDARD = gnu11;
				GCC_DYNAMIC_NO_PIC = NO;
				GCC_NO_COMMON_BLOCKS = YES;
				GCC_OPTIMIZATION_LEVEL = 0;
				GCC_PREPROCESSOR_DEFINITIONS = (
					"DEBUG=1",
					"$(inherited)",
				);
				GCC_WARN_64_TO_32_BIT_CONVERSION = YES;
				GCC_WARN_ABOUT_RETURN_TYPE = YES_ERROR;
				GCC_WARN_UNDECLARED_SELECTOR = YES;
				GCC_WARN_UNINITIALIZED_AUTOS = YES_AGGRESSIVE;
				GCC_WARN_UNUSED_FUNCTION = YES;
				GCC_WARN_UNUSED_VARIABLE = YES;
				IPHONEOS_DEPLOYMENT_TARGET = 11.2;
				MTL_ENABLE_DEBUG_INFO = YES;
				ONLY_ACTIVE_ARCH = YES;
				SDKROOT = iphoneos;
				SWIFT_ACTIVE_COMPILATION_CONDITIONS = DEBUG;
				SWIFT_OPTIMIZATION_LEVEL = "-Onone";
			};
			name = Debug;
		};
		C75D8FEA2101D1FB001271AC /* Release */ = {
			isa = XCBuildConfiguration;
			buildSettings = {
				ALWAYS_SEARCH_USER_PATHS = NO;
				CLANG_ANALYZER_NONNULL = YES;
				CLANG_ANALYZER_NUMBER_OBJECT_CONVERSION = YES_AGGRESSIVE;
				CLANG_CXX_LANGUAGE_STANDARD = "gnu++14";
				CLANG_CXX_LIBRARY = "libc++";
				CLANG_ENABLE_MODULES = YES;
				CLANG_ENABLE_OBJC_ARC = YES;
				CLANG_WARN_BLOCK_CAPTURE_AUTORELEASING = YES;
				CLANG_WARN_BOOL_CONVERSION = YES;
				CLANG_WARN_COMMA = YES;
				CLANG_WARN_CONSTANT_CONVERSION = YES;
				CLANG_WARN_DIRECT_OBJC_ISA_USAGE = YES_ERROR;
				CLANG_WARN_DOCUMENTATION_COMMENTS = YES;
				CLANG_WARN_EMPTY_BODY = YES;
				CLANG_WARN_ENUM_CONVERSION = YES;
				CLANG_WARN_INFINITE_RECURSION = YES;
				CLANG_WARN_INT_CONVERSION = YES;
				CLANG_WARN_NON_LITERAL_NULL_CONVERSION = YES;
				CLANG_WARN_OBJC_LITERAL_CONVERSION = YES;
				CLANG_WARN_OBJC_ROOT_CLASS = YES_ERROR;
				CLANG_WARN_RANGE_LOOP_ANALYSIS = YES;
				CLANG_WARN_STRICT_PROTOTYPES = YES;
				CLANG_WARN_SUSPICIOUS_MOVE = YES;
				CLANG_WARN_UNGUARDED_AVAILABILITY = YES_AGGRESSIVE;
				CLANG_WARN_UNREACHABLE_CODE = YES;
				CLANG_WARN__DUPLICATE_METHOD_MATCH = YES;
				CODE_SIGN_IDENTITY = "iPhone Developer";
				COPY_PHASE_STRIP = NO;
				DEBUG_INFORMATION_FORMAT = "dwarf-with-dsym";
				ENABLE_NS_ASSERTIONS = NO;
				ENABLE_STRICT_OBJC_MSGSEND = YES;
				GCC_C_LANGUAGE_STANDARD = gnu11;
				GCC_NO_COMMON_BLOCKS = YES;
				GCC_WARN_64_TO_32_BIT_CONVERSION = YES;
				GCC_WARN_ABOUT_RETURN_TYPE = YES_ERROR;
				GCC_WARN_UNDECLARED_SELECTOR = YES;
				GCC_WARN_UNINITIALIZED_AUTOS = YES_AGGRESSIVE;
				GCC_WARN_UNUSED_FUNCTION = YES;
				GCC_WARN_UNUSED_VARIABLE = YES;
				IPHONEOS_DEPLOYMENT_TARGET = 11.2;
				MTL_ENABLE_DEBUG_INFO = NO;
				SDKROOT = iphoneos;
				SWIFT_OPTIMIZATION_LEVEL = "-Owholemodule";
				VALIDATE_PRODUCT = YES;
			};
			name = Release;
		};
		C75D8FEC2101D1FB001271AC /* Debug */ = {
			isa = XCBuildConfiguration;
			buildSettings = {
				ASSETCATALOG_COMPILER_APPICON_NAME = AppIcon;
				CODE_SIGN_STYLE = Automatic;
				DEVELOPMENT_TEAM = JM5BU57S6W;
				INFOPLIST_FILE = ResearchKitConsent/Info.plist;
				LD_RUNPATH_SEARCH_PATHS = "$(inherited) @executable_path/Frameworks";
				PRODUCT_BUNDLE_IDENTIFIER = sye8.ResearchKitConsent;
				PRODUCT_NAME = "$(TARGET_NAME)";
				SWIFT_VERSION = 4.0;
				TARGETED_DEVICE_FAMILY = "1,2";
			};
			name = Debug;
		};
		C75D8FED2101D1FB001271AC /* Release */ = {
			isa = XCBuildConfiguration;
			buildSettings = {
				ASSETCATALOG_COMPILER_APPICON_NAME = AppIcon;
				CODE_SIGN_STYLE = Automatic;
				DEVELOPMENT_TEAM = JM5BU57S6W;
				INFOPLIST_FILE = ResearchKitConsent/Info.plist;
				LD_RUNPATH_SEARCH_PATHS = "$(inherited) @executable_path/Frameworks";
				PRODUCT_BUNDLE_IDENTIFIER = sye8.ResearchKitConsent;
				PRODUCT_NAME = "$(TARGET_NAME)";
				SWIFT_VERSION = 4.0;
				TARGETED_DEVICE_FAMILY = "1,2";
			};
			name = Release;
		};
		C75D8FEF2101D1FB001271AC /* Debug */ = {
			isa = XCBuildConfiguration;
			buildSettings = {
				ALWAYS_EMBED_SWIFT_STANDARD_LIBRARIES = YES;
				BUNDLE_LOADER = "$(TEST_HOST)";
				CODE_SIGN_STYLE = Automatic;
				DEVELOPMENT_TEAM = JM5BU57S6W;
				INFOPLIST_FILE = ResearchKitConsentTests/Info.plist;
				LD_RUNPATH_SEARCH_PATHS = "$(inherited) @executable_path/Frameworks @loader_path/Frameworks";
				PRODUCT_BUNDLE_IDENTIFIER = sye8.ResearchKitConsentTests;
				PRODUCT_NAME = "$(TARGET_NAME)";
				SWIFT_VERSION = 4.0;
				TARGETED_DEVICE_FAMILY = "1,2";
				TEST_HOST = "$(BUILT_PRODUCTS_DIR)/ResearchKitConsent.app/ResearchKitConsent";
			};
			name = Debug;
		};
		C75D8FF02101D1FB001271AC /* Release */ = {
			isa = XCBuildConfiguration;
			buildSettings = {
				ALWAYS_EMBED_SWIFT_STANDARD_LIBRARIES = YES;
				BUNDLE_LOADER = "$(TEST_HOST)";
				CODE_SIGN_STYLE = Automatic;
				DEVELOPMENT_TEAM = JM5BU57S6W;
				INFOPLIST_FILE = ResearchKitConsentTests/Info.plist;
				LD_RUNPATH_SEARCH_PATHS = "$(inherited) @executable_path/Frameworks @loader_path/Frameworks";
				PRODUCT_BUNDLE_IDENTIFIER = sye8.ResearchKitConsentTests;
				PRODUCT_NAME = "$(TARGET_NAME)";
				SWIFT_VERSION = 4.0;
				TARGETED_DEVICE_FAMILY = "1,2";
				TEST_HOST = "$(BUILT_PRODUCTS_DIR)/ResearchKitConsent.app/ResearchKitConsent";
			};
			name = Release;
		};
		C75D8FF22101D1FB001271AC /* Debug */ = {
			isa = XCBuildConfiguration;
			buildSettings = {
				ALWAYS_EMBED_SWIFT_STANDARD_LIBRARIES = YES;
				CODE_SIGN_STYLE = Automatic;
				DEVELOPMENT_TEAM = JM5BU57S6W;
				INFOPLIST_FILE = ResearchKitConsentUITests/Info.plist;
				LD_RUNPATH_SEARCH_PATHS = "$(inherited) @executable_path/Frameworks @loader_path/Frameworks";
				PRODUCT_BUNDLE_IDENTIFIER = sye8.ResearchKitConsentUITests;
				PRODUCT_NAME = "$(TARGET_NAME)";
				SWIFT_VERSION = 4.0;
				TARGETED_DEVICE_FAMILY = "1,2";
				TEST_TARGET_NAME = ResearchKitConsent;
			};
			name = Debug;
		};
		C75D8FF32101D1FB001271AC /* Release */ = {
			isa = XCBuildConfiguration;
			buildSettings = {
				ALWAYS_EMBED_SWIFT_STANDARD_LIBRARIES = YES;
				CODE_SIGN_STYLE = Automatic;
				DEVELOPMENT_TEAM = JM5BU57S6W;
				INFOPLIST_FILE = ResearchKitConsentUITests/Info.plist;
				LD_RUNPATH_SEARCH_PATHS = "$(inherited) @executable_path/Frameworks @loader_path/Frameworks";
				PRODUCT_BUNDLE_IDENTIFIER = sye8.ResearchKitConsentUITests;
				PRODUCT_NAME = "$(TARGET_NAME)";
				SWIFT_VERSION = 4.0;
				TARGETED_DEVICE_FAMILY = "1,2";
				TEST_TARGET_NAME = ResearchKitConsent;
			};
			name = Release;
		};
/* End XCBuildConfiguration section */

/* Begin XCConfigurationList section */
		C75D8FBE2101D1FB001271AC /* Build configuration list for PBXProject "ResearchKitConsent" */ = {
			isa = XCConfigurationList;
			buildConfigurations = (
				C75D8FE92101D1FB001271AC /* Debug */,
				C75D8FEA2101D1FB001271AC /* Release */,
			);
			defaultConfigurationIsVisible = 0;
			defaultConfigurationName = Release;
		};
		C75D8FEB2101D1FB001271AC /* Build configuration list for PBXNativeTarget "ResearchKitConsent" */ = {
			isa = XCConfigurationList;
			buildConfigurations = (
				C75D8FEC2101D1FB001271AC /* Debug */,
				C75D8FED2101D1FB001271AC /* Release */,
			);
			defaultConfigurationIsVisible = 0;
			defaultConfigurationName = Release;
		};
		C75D8FEE2101D1FB001271AC /* Build configuration list for PBXNativeTarget "ResearchKitConsentTests" */ = {
			isa = XCConfigurationList;
			buildConfigurations = (
				C75D8FEF2101D1FB001271AC /* Debug */,
				C75D8FF02101D1FB001271AC /* Release */,
			);
			defaultConfigurationIsVisible = 0;
			defaultConfigurationName = Release;
		};
		C75D8FF12101D1FB001271AC /* Build configuration list for PBXNativeTarget "ResearchKitConsentUITests" */ = {
			isa = XCConfigurationList;
			buildConfigurations = (
				C75D8FF22101D1FB001271AC /* Debug */,
				C75D8FF32101D1FB001271AC /* Release */,
			);
			defaultConfigurationIsVisible = 0;
			defaultConfigurationName = Release;
		};
/* End XCConfigurationList section */
	};
	rootObject = C75D8FBB2101D1FB001271AC /* Project object */;
}
